
Microsoft Visual Studio Solution File, Format Version 12.00
# Visual Studio 14
VisualStudioVersion = 14.0.25420.1
MinimumVisualStudioVersion = 10.0.40219.1
Project("{FAE04EC0-301F-11D3-BF4B-00C04F79EFBC}") = "EyeCT4RailzMVC", "EyeCT4RailzMVC\EyeCT4RailzMVC.csproj", "{7D7F464A-916F-4E6F-8D66-6327F93E97B2}"
EndProject
Project("{FAE04EC0-301F-11D3-BF4B-00C04F79EFBC}") = "EyeCT4RailzMVC.Tests", "EyeCT4RailzMVC.Tests\EyeCT4RailzMVC.Tests.csproj", "{3C43684C-5DE3-4BA6-BB49-3F37FC9D8BFE}"
EndProject
Global
	GlobalSection(SolutionConfigurationPlatforms) = preSolution
		Debug|Any CPU = Debug|Any CPU
		Release|Any CPU = Release|Any CPU
	EndGlobalSection
	GlobalSection(ProjectConfigurationPlatforms) = postSolution
		{7D7F464A-916F-4E6F-8D66-6327F93E97B2}.Debug|Any CPU.ActiveCfg = Debug|Any CPU
		{7D7F464A-916F-4E6F-8D66-6327F93E97B2}.Debug|Any CPU.Build.0 = Debug|Any CPU
		{7D7F464A-916F-4E6F-8D66-6327F93E97B2}.Release|Any CPU.ActiveCfg = Release|Any CPU
		{7D7F464A-916F-4E6F-8D66-6327F93E97B2}.Release|Any CPU.Build.0 = Release|Any CPU
		{3C43684C-5DE3-4BA6-BB49-3F37FC9D8BFE}.Debug|Any CPU.ActiveCfg = Debug|Any CPU
		{3C43684C-5DE3-4BA6-BB49-3F37FC9D8BFE}.Debug|Any CPU.Build.0 = Debug|Any CPU
		{3C43684C-5DE3-4BA6-BB49-3F37FC9D8BFE}.Release|Any CPU.ActiveCfg = Release|Any CPU
		{3C43684C-5DE3-4BA6-BB49-3F37FC9D8BFE}.Release|Any CPU.Build.0 = Release|Any CPU
	EndGlobalSection
	GlobalSection(SolutionProperties) = preSolution
		HideSolutionNode = FALSE
	EndGlobalSection
EndGlobal
